{
  "nodes": {
    "base16-unclaimed-schemes": {
      "flake": false,
      "locked": {
        "lastModified": 1527170198,
        "narHash": "sha256-YV2tgexpyeLqm6d8WaBwT9QPAHT/gxhiFpxQq03xdhA=",
        "owner": "chriskempson",
        "repo": "base16-unclaimed-schemes",
        "rev": "d6b93456dc1012628faec572387814f59e0b854a",
        "type": "github"
      },
      "original": {
        "owner": "chriskempson",
        "repo": "base16-unclaimed-schemes",
        "type": "github"
      }
    },
    "home-manager": {
      "inputs": {
        "nixpkgs": "nixpkgs"
      },
      "locked": {
        "lastModified": 1591751635,
        "narHash": "sha256-KgGtyFlkI/fsp+j8VEgJ/ynY9B91aX35Xp04HlDLRTo=",
        "owner": "rycee",
        "repo": "home-manager",
        "rev": "b3fee796fcd5531693d9b84ece76ad6836bb1cfa",
        "type": "github"
      },
      "original": {
        "owner": "rycee",
        "ref": "bqv-flakes",
        "repo": "home-manager",
        "type": "github"
      }
    },
    "nix": {
      "inputs": {
        "nixpkgs": "nixpkgs_2"
      },
      "locked": {
        "lastModified": 1597654824,
        "narHash": "sha256-Cn/0Db1K9hA/3PHzeg2Qqa2ej9dcf0UcR3ohaKLmsGY=",
        "owner": "NixOS",
        "repo": "nix",
        "rev": "e849b198720c60c186c8f9486c43c495ad436e1b",
        "type": "github"
      },
      "original": {
        "id": "nix",
        "type": "indirect"
      }
    },
    "nixpkgs": {
      "locked": {
        "lastModified": 1591748508,
        "narHash": "sha256-GdYYaYsSBgYUhbDT1JJQ7vEgo8FWeW/AW7/qqJuCvRA=",
        "owner": "NixOS",
        "repo": "nixpkgs",
        "rev": "1d8c4410687390f9b8f92dbe6ff39fd8fc2b17c6",
        "type": "github"
      },
      "original": {
        "id": "nixpkgs",
        "type": "indirect"
      }
    },
    "nixpkgs-wayland": {
      "flake": false,
      "locked": {
        "lastModified": 1597666351,
        "narHash": "sha256-hngrDB/EXFappShmdHK04aKUt7pkJMU7JOOgEKrdYDc=",
        "owner": "colemickens",
        "repo": "nixpkgs-wayland",
        "rev": "8d3b55efae006ff64ba41d7aa7009d194de3112a",
        "type": "github"
      },
      "original": {
        "owner": "colemickens",
        "repo": "nixpkgs-wayland",
        "type": "github"
      }
    },
    "nixpkgs_2": {
      "locked": {
        "lastModified": 1591633336,
        "narHash": "sha256-oVXv4xAnDJB03LvZGbC72vSVlIbbJr8tpjEW5o/Fdek=",
        "owner": "NixOS",
        "repo": "nixpkgs",
        "rev": "70717a337f7ae4e486ba71a500367cad697e5f09",
        "type": "github"
      },
      "original": {
        "id": "nixpkgs",
        "ref": "nixos-20.03-small",
        "type": "indirect"
      }
    },
    "nixpkgs_3": {
      "locked": {
        "lastModified": 1597668177,
        "narHash": "sha256-Fpz9gZhPmMk8nizBqBqecV9ZU6zHKpx/zXz+JyQQYA8=",
        "owner": "NixOS",
        "repo": "nixpkgs",
        "rev": "914b9788fd18a0eb908c7bf630cb206f5dabd25e",
        "type": "github"
      },
      "original": {
        "id": "nixpkgs",
        "type": "indirect"
      }
    },
    "root": {
      "inputs": {
        "base16-unclaimed-schemes": "base16-unclaimed-schemes",
        "home-manager": "home-manager",
        "nix": "nix",
        "nixpkgs": "nixpkgs_3",
        "nixpkgs-wayland": "nixpkgs-wayland"
      }
    }
  },
  "root": "root",
  "version": 7
}
