{
  "nodes": {
    "NUR": {
      "locked": {
        "lastModified": 1611598641,
        "narHash": "sha256-908V/aPaL8YmKMYYU3pmKE4US8L98w4yZ4V2Kq1cl6A=",
        "owner": "nix-community",
        "repo": "NUR",
        "rev": "d900f5639b3e6ad8aab853cfddd1a95ad84a7b61",
        "type": "github"
      },
      "original": {
        "owner": "nix-community",
        "repo": "NUR",
        "type": "github"
      }
    },
    "base16-atelier-schemes": {
      "flake": false,
      "locked": {
        "lastModified": 1495956440,
        "narHash": "sha256-tKOPV4uStfEM6xBa+3sOLtpkpi/ykEiLlybt+3g09WQ=",
        "owner": "atelierbram",
        "repo": "base16-atelier-schemes",
        "rev": "212179fded98ecfa7d88ad7a756d81297a3371c2",
        "type": "github"
      },
      "original": {
        "owner": "atelierbram",
        "repo": "base16-atelier-schemes",
        "type": "github"
      }
    },
    "base16-qutebrowser": {
      "flake": false,
      "locked": {
        "lastModified": 1610238839,
        "narHash": "sha256-UvNOUpApBaFbMCirPFfNq/7i3Wx4fIIH0pZ95fe7ks8=",
        "owner": "theova",
        "repo": "base16-qutebrowser",
        "rev": "294a22d24bfb0648935386fa8648c453003a58fe",
        "type": "github"
      },
      "original": {
        "owner": "theova",
        "repo": "base16-qutebrowser",
        "type": "github"
      }
    },
    "base16-summerfruit-scheme": {
      "flake": false,
      "locked": {
        "lastModified": 1471208641,
        "narHash": "sha256-wEeWCW04I1pCcWc3CQzELTKmc8DbjXgblQJHBnOFukk=",
        "owner": "cscorley",
        "repo": "base16-summerfruit-scheme",
        "rev": "f90e53358fd0d6ba1526bd790f26b0195b6debf7",
        "type": "github"
      },
      "original": {
        "owner": "cscorley",
        "repo": "base16-summerfruit-scheme",
        "type": "github"
      }
    },
    "cachix": {
      "locked": {
        "lastModified": 1611441711,
        "narHash": "sha256-a+2ndW606WZBoknqDEBD3RuxcnjvwfTfh2EoDzi+lZQ=",
        "owner": "nixos",
        "repo": "nixpkgs",
        "rev": "a058d005b3cbb370bf171ebce01839dd6ff52222",
        "type": "github"
      },
      "original": {
        "owner": "nixos",
        "ref": "nixos-20.09",
        "repo": "nixpkgs",
        "type": "github"
      }
    },
    "home-manager": {
      "inputs": {
        "nixpkgs": "nixpkgs"
      },
      "locked": {
        "lastModified": 1602269735,
        "narHash": "sha256-+JwX28Xz0rIS7r+Bvwfcm+LrQtdcD0dyIXXxhx4OZk0=",
        "owner": "rycee",
        "repo": "home-manager",
        "rev": "473d9acdadc2969ba2b5c1c55b440fdda5d213e5",
        "type": "github"
      },
      "original": {
        "owner": "rycee",
        "repo": "home-manager",
        "rev": "473d9acdadc2969ba2b5c1c55b440fdda5d213e5",
        "type": "github"
      }
    },
    "interception-k2k": {
      "flake": false,
      "locked": {
        "lastModified": 1599945074,
        "narHash": "sha256-+fP7cMK4sdXH9UAP3xxSaRcV+rB37Li23+hfenVD9fI=",
        "owner": "zsugabubus",
        "repo": "interception-k2k",
        "rev": "259a549b1e215c47f0d243e9e5f484ce490b61e6",
        "type": "github"
      },
      "original": {
        "owner": "zsugabubus",
        "repo": "interception-k2k",
        "type": "github"
      }
    },
    "lambda-launcher": {
      "inputs": {
        "nixpkgs": "nixpkgs_2"
      },
      "locked": {
        "lastModified": 1598273494,
        "narHash": "sha256-d+OHZgwj2CJHw+eB37qRoNn3ypapq4VvXMyUsMhl6BI=",
        "owner": "SenchoPens",
        "repo": "lambda-launcher",
        "rev": "1244d0aaf890ee7b70f890dd700b79e6227255a4",
        "type": "github"
      },
      "original": {
        "owner": "SenchoPens",
        "repo": "lambda-launcher",
        "type": "github"
      }
    },
    "materia-theme": {
      "flake": false,
      "locked": {
        "lastModified": 1606538708,
        "narHash": "sha256-Sje1j/k+g0MXP1wQi+KSVXIt1LQPeJ5KYJwfyxgmxPw=",
        "owner": "nana-4",
        "repo": "materia-theme",
        "rev": "c63ca3285c4b5fcd652d1f054745251c60d4c32e",
        "type": "github"
      },
      "original": {
        "owner": "nana-4",
        "repo": "materia-theme",
        "type": "github"
      }
    },
    "neovim-unwrapped-nightly": {
      "flake": false,
      "locked": {
        "lastModified": 1603898136,
        "narHash": "sha256-Pjkq1WMlkub2i6W9on6Ep08O62w3pWV4+nPOkFV6PaE=",
        "owner": "neovim",
        "repo": "neovim",
        "rev": "c6ccdda26ae0b8a9bf4d0779d398cb7c9864aedf",
        "type": "github"
      },
      "original": {
        "owner": "neovim",
        "repo": "neovim",
        "rev": "c6ccdda26ae0b8a9bf4d0779d398cb7c9864aedf",
        "type": "github"
      }
    },
    "nixpkgs": {
      "locked": {
        "lastModified": 1603991264,
        "narHash": "sha256-BhW5j4Lj1jIEHK4xgtqlsI91WDMc4bdcN3Z6/hVmqgM=",
        "path": "/nix/store/d2h4pc8xx5b3nmsrqjyaxixlzsfqdkcv-source",
        "rev": "f155651d3f137d802d6b0a94bcb331a6ad0f00a6",
        "type": "path"
      },
      "original": {
        "id": "nixpkgs",
        "type": "indirect"
      }
    },
    "nixpkgs-wayland": {
      "inputs": {
        "cachix": "cachix",
        "nixpkgs": "nixpkgs_4",
        "unstableSmall": "unstableSmall"
      },
      "locked": {
        "lastModified": 1611601490,
        "narHash": "sha256-ocTc6/JREOhXHxzI4gRkAYt7iLCwBumVXtm6vgsw2aw=",
        "owner": "colemickens",
        "repo": "nixpkgs-wayland",
        "rev": "8fb70c2b7c218dd657cc923c042982810d47bee8",
        "type": "github"
      },
      "original": {
        "owner": "colemickens",
        "repo": "nixpkgs-wayland",
        "type": "github"
      }
    },
    "nixpkgs_2": {
      "locked": {
        "lastModified": 1592810120,
        "narHash": "sha256-1xlD1OIs75DvjkWpyZcQBjdu/IgugspPpz8CsBeutaM=",
        "owner": "NixOS",
        "repo": "nixpkgs",
        "rev": "dbcd55844106241cf2d6aa0bc6ccb1613d1a5ed4",
        "type": "github"
      },
      "original": {
        "owner": "NixOS",
        "repo": "nixpkgs",
        "rev": "dbcd55844106241cf2d6aa0bc6ccb1613d1a5ed4",
        "type": "github"
      }
    },
    "nixpkgs_3": {
      "locked": {
        "lastModified": 1611219034,
        "narHash": "sha256-bgp8G3LcpvKs22/z5Cj4XQkmZq05Aa0vaP1bKl7X0zM=",
        "owner": "nixos",
        "repo": "nixpkgs",
        "rev": "f217c0ea7c148ddc0103347051555c7c252dcafb",
        "type": "github"
      },
      "original": {
        "owner": "nixos",
        "ref": "nixos-unstable",
        "repo": "nixpkgs",
        "type": "github"
      }
    },
    "nixpkgs_4": {
      "locked": {
        "lastModified": 1611219034,
        "narHash": "sha256-bgp8G3LcpvKs22/z5Cj4XQkmZq05Aa0vaP1bKl7X0zM=",
        "owner": "nixos",
        "repo": "nixpkgs",
        "rev": "f217c0ea7c148ddc0103347051555c7c252dcafb",
        "type": "github"
      },
      "original": {
        "owner": "nixos",
        "ref": "nixos-unstable",
        "repo": "nixpkgs",
        "type": "github"
      }
    },
    "nur": {
      "locked": {
        "lastModified": 1611598641,
        "narHash": "sha256-908V/aPaL8YmKMYYU3pmKE4US8L98w4yZ4V2Kq1cl6A=",
        "owner": "nix-community",
        "repo": "NUR",
        "rev": "d900f5639b3e6ad8aab853cfddd1a95ad84a7b61",
        "type": "github"
      },
      "original": {
        "id": "nur",
        "type": "indirect"
      }
    },
    "root": {
      "inputs": {
        "NUR": "NUR",
        "base16-atelier-schemes": "base16-atelier-schemes",
        "base16-qutebrowser": "base16-qutebrowser",
        "base16-summerfruit-scheme": "base16-summerfruit-scheme",
        "home-manager": "home-manager",
        "interception-k2k": "interception-k2k",
        "lambda-launcher": "lambda-launcher",
        "materia-theme": "materia-theme",
        "neovim-unwrapped-nightly": "neovim-unwrapped-nightly",
        "nixpkgs": "nixpkgs_3",
        "nixpkgs-wayland": "nixpkgs-wayland",
        "nur": "nur",
        "vsliveshare": "vsliveshare"
      }
    },
    "unstableSmall": {
      "locked": {
        "lastModified": 1611544074,
        "narHash": "sha256-wa+TRNehoT187YFOejXqHMZMhVjBbYZGF0EWYfGqbJI=",
        "owner": "nixos",
        "repo": "nixpkgs",
        "rev": "aa8868c7cca8d30706a68a876d048968c83e1cf1",
        "type": "github"
      },
      "original": {
        "owner": "nixos",
        "ref": "nixos-unstable-small",
        "repo": "nixpkgs",
        "type": "github"
      }
    },
    "vsliveshare": {
      "flake": false,
      "locked": {
        "lastModified": 1585828976,
        "narHash": "sha256-/c7CJ2TDwgsKEidwxgIOqyTx1YcPgYRqzS1AV6a4b2c=",
        "owner": "msteen",
        "repo": "nixos-vsliveshare",
        "rev": "a54bfc74c5e7ae056f61abdb970c6cd6e8fb5e53",
        "type": "github"
      },
      "original": {
        "owner": "msteen",
        "repo": "nixos-vsliveshare",
        "type": "github"
      }
    }
  },
  "root": "root",
  "version": 7
}
