{
  "nodes": {
    "NUR": {
      "locked": {
        "lastModified": 1624229324,
        "narHash": "sha256-HhNi7uH7P+Ds2pg8XqLaj7SMeC54lB88rRE/Ih3GEok=",
        "owner": "nix-community",
        "repo": "NUR",
        "rev": "8fe8ae2e22d6afc1fdd83ea11c6e9a0e1cca51dc",
        "type": "github"
      },
      "original": {
        "owner": "nix-community",
        "repo": "NUR",
        "type": "github"
      }
    },
    "base16": {
      "inputs": {
        "flake-utils": "flake-utils",
        "nixpkgs": "nixpkgs"
      },
      "locked": {
        "lastModified": 1621466183,
        "narHash": "sha256-TSbFwpKDwQbm49uqZslw6P23jwyMAVPXbVQPHnSNdHk=",
        "owner": "SenchoPens",
        "repo": "base16.nix",
        "rev": "fb8a89a7ca7045d8c8eb4d4af96b8e9fe4d1e683",
        "type": "github"
      },
      "original": {
        "owner": "SenchoPens",
        "repo": "base16.nix",
        "type": "github"
      }
    },
    "base16-atelier-schemes": {
      "flake": false,
      "locked": {
        "lastModified": 1495956440,
        "narHash": "sha256-tKOPV4uStfEM6xBa+3sOLtpkpi/ykEiLlybt+3g09WQ=",
        "owner": "atelierbram",
        "repo": "base16-atelier-schemes",
        "rev": "212179fded98ecfa7d88ad7a756d81297a3371c2",
        "type": "github"
      },
      "original": {
        "owner": "atelierbram",
        "repo": "base16-atelier-schemes",
        "type": "github"
      }
    },
    "base16-black-metal-schemes": {
      "flake": false,
      "locked": {
        "lastModified": 1585330710,
        "narHash": "sha256-ctsMdfUpqVZfqtg4paYg4oCataRHoapxSiYRsi0lwhI=",
        "owner": "metalelf0",
        "repo": "base16-black-metal-scheme",
        "rev": "c7a32bec8105a1ceddb9fcc90b713dabde5e7e5e",
        "type": "github"
      },
      "original": {
        "owner": "metalelf0",
        "repo": "base16-black-metal-scheme",
        "type": "github"
      }
    },
    "base16-eva-scheme": {
      "flake": false,
      "locked": {
        "lastModified": 1589840056,
        "narHash": "sha256-+52BPv/3f4vqG+p37XSxyf9w0CPkBSvCo6x1O/JE6Lg=",
        "owner": "kjakapat",
        "repo": "base16-eva-scheme",
        "rev": "595ea6eff814ae462709f222e7af3492ee804e88",
        "type": "github"
      },
      "original": {
        "owner": "kjakapat",
        "repo": "base16-eva-scheme",
        "type": "github"
      }
    },
    "base16-qutebrowser": {
      "flake": false,
      "locked": {
        "lastModified": 1621125156,
        "narHash": "sha256-zzUZTGgc2Pe1Pp5VxzVVuBQJNBD22qlQzmCbcj28eQg=",
        "owner": "theova",
        "repo": "base16-qutebrowser",
        "rev": "50131cbf2fb360f6d6054514cf3d847419f1dba8",
        "type": "github"
      },
      "original": {
        "owner": "theova",
        "repo": "base16-qutebrowser",
        "type": "github"
      }
    },
    "base16-summerfruit-scheme": {
      "flake": false,
      "locked": {
        "lastModified": 1471208641,
        "narHash": "sha256-wEeWCW04I1pCcWc3CQzELTKmc8DbjXgblQJHBnOFukk=",
        "owner": "cscorley",
        "repo": "base16-summerfruit-scheme",
        "rev": "f90e53358fd0d6ba1526bd790f26b0195b6debf7",
        "type": "github"
      },
      "original": {
        "owner": "cscorley",
        "repo": "base16-summerfruit-scheme",
        "type": "github"
      }
    },
    "cachix": {
      "locked": {
        "lastModified": 1624097864,
        "narHash": "sha256-TGayVqD42Hze4gg5Eurfd7W4zINdHp81JZAyR8q+Oos=",
        "owner": "nixos",
        "repo": "nixpkgs",
        "rev": "69f3a9705014ce75b0489404210995fb6f29836e",
        "type": "github"
      },
      "original": {
        "owner": "nixos",
        "ref": "nixos-20.09",
        "repo": "nixpkgs",
        "type": "github"
      }
    },
    "enhancd": {
      "flake": false,
      "locked": {
        "lastModified": 1612118029,
        "narHash": "sha256-j50+2cOXhmJ8VmYj5oVQRJXP/iayrEk3VugVIadgwo4=",
        "owner": "b4b4r07",
        "repo": "enhancd",
        "rev": "aec0e0c1c0b1376e87da74b8940fda5657269948",
        "type": "github"
      },
      "original": {
        "owner": "b4b4r07",
        "repo": "enhancd",
        "type": "github"
      }
    },
    "envfs": {
      "inputs": {
        "nixpkgs": [
          "nixpkgs"
        ],
        "utils": "utils"
      },
      "locked": {
        "lastModified": 1619257745,
        "narHash": "sha256-WXIq4LPhppSfRvnUiuTUD43pCK9mlzBSHB0Xxsh03kU=",
        "owner": "Mic92",
        "repo": "envfs",
        "rev": "42bed8a2959aea39ced7b117614f7d5e5126db51",
        "type": "github"
      },
      "original": {
        "owner": "Mic92",
        "repo": "envfs",
        "type": "github"
      }
    },
    "flake-utils": {
      "locked": {
        "lastModified": 1619345332,
        "narHash": "sha256-qHnQkEp1uklKTpx3MvKtY6xzgcqXDsz5nLilbbuL+3A=",
        "owner": "numtide",
        "repo": "flake-utils",
        "rev": "2ebf2558e5bf978c7fb8ea927dfaed8fefab2e28",
        "type": "github"
      },
      "original": {
        "owner": "numtide",
        "repo": "flake-utils",
        "type": "github"
      }
    },
    "flake-utils_2": {
      "locked": {
        "lastModified": 1623875721,
        "narHash": "sha256-A8BU7bjS5GirpAUv4QA+QnJ4CceLHkcXdRp4xITDB0s=",
        "owner": "numtide",
        "repo": "flake-utils",
        "rev": "f7e004a55b120c02ecb6219596820fcd32ca8772",
        "type": "github"
      },
      "original": {
        "owner": "numtide",
        "repo": "flake-utils",
        "type": "github"
      }
    },
    "home-manager": {
      "inputs": {
        "nixpkgs": "nixpkgs_2"
      },
      "locked": {
        "lastModified": 1624228557,
        "narHash": "sha256-wwOqe73BsrXfRv1PhyXQFNC8iTET50KvE/HitdkRgxs=",
        "owner": "nix-community",
        "repo": "home-manager",
        "rev": "35a24648d155843a4d162de98c17b1afd5db51e4",
        "type": "github"
      },
      "original": {
        "owner": "nix-community",
        "ref": "release-21.05",
        "repo": "home-manager",
        "type": "github"
      }
    },
    "interception-k2k": {
      "flake": false,
      "locked": {
        "lastModified": 1599945074,
        "narHash": "sha256-+fP7cMK4sdXH9UAP3xxSaRcV+rB37Li23+hfenVD9fI=",
        "owner": "zsugabubus",
        "repo": "interception-k2k",
        "rev": "259a549b1e215c47f0d243e9e5f484ce490b61e6",
        "type": "github"
      },
      "original": {
        "owner": "zsugabubus",
        "repo": "interception-k2k",
        "type": "github"
      }
    },
    "lambda-launcher": {
      "inputs": {
        "nixpkgs": "nixpkgs_3"
      },
      "locked": {
        "lastModified": 1598273494,
        "narHash": "sha256-d+OHZgwj2CJHw+eB37qRoNn3ypapq4VvXMyUsMhl6BI=",
        "owner": "SenchoPens",
        "repo": "lambda-launcher",
        "rev": "1244d0aaf890ee7b70f890dd700b79e6227255a4",
        "type": "github"
      },
      "original": {
        "owner": "SenchoPens",
        "repo": "lambda-launcher",
        "type": "github"
      }
    },
    "materia-theme": {
      "flake": false,
      "locked": {
        "lastModified": 1596129804,
        "narHash": "sha256-Vtyja8A6SfeRA78XK1e89hwWYY0kQm1VkY7/EagDXl8=",
        "owner": "nana-4",
        "repo": "materia-theme",
        "rev": "6f7e51a97fc7ff3ddbb7908cff505a8c1919b6a2",
        "type": "github"
      },
      "original": {
        "owner": "nana-4",
        "repo": "materia-theme",
        "rev": "6f7e51a97fc7ff3ddbb7908cff505a8c1919b6a2",
        "type": "github"
      }
    },
    "nix-autobahn": {
      "inputs": {
        "flake-utils": "flake-utils_2",
        "nixpkgs": "nixpkgs_4"
      },
      "locked": {
        "lastModified": 1625447668,
        "narHash": "sha256-vl46aZ22eSSIM/WuY2CmDykmRGaLi6/XMMbObeG6JXc=",
        "owner": "SenchoPens",
        "repo": "nix-autobahn",
        "rev": "849985352d89979a6ebc359f7381799801753b7b",
        "type": "github"
      },
      "original": {
        "owner": "SenchoPens",
        "repo": "nix-autobahn",
        "type": "github"
      }
    },
    "nixpkgs": {
      "locked": {
        "lastModified": 1620252427,
        "narHash": "sha256-U1Q5QceuT4chJTJ1UOt7bZOn9Y2o5/7w27RISjqXoQw=",
        "owner": "nixos",
        "repo": "nixpkgs",
        "rev": "d3ba49889a76539ea0f7d7285b203e7f81326ded",
        "type": "github"
      },
      "original": {
        "owner": "nixos",
        "ref": "nixos-unstable",
        "repo": "nixpkgs",
        "type": "github"
      }
    },
    "nixpkgs-unstable": {
      "locked": {
        "lastModified": 1626464457,
        "narHash": "sha256-u2PCh/+8vQSLwf0mPpKHKQ8hAPB3l4uNZR3r0TdK2Lg=",
        "owner": "nixos",
        "repo": "nixpkgs",
        "rev": "c6c4a3d45ab200f17805d2d86a1ff1cc7ca2b186",
        "type": "github"
      },
      "original": {
        "owner": "nixos",
        "ref": "nixos-unstable",
        "repo": "nixpkgs",
        "type": "github"
      }
    },
    "nixpkgs-wayland": {
      "inputs": {
        "cachix": "cachix",
        "nixpkgs": "nixpkgs_6"
      },
      "locked": {
        "lastModified": 1624224074,
        "narHash": "sha256-fmEL0SpMo2l3c3jYqtkatj8fcNZbFJnGsItO1b3xJEQ=",
        "owner": "colemickens",
        "repo": "nixpkgs-wayland",
        "rev": "8acbbfc2020f7a34d1583059d349a5eb42d11dca",
        "type": "github"
      },
      "original": {
        "owner": "colemickens",
        "repo": "nixpkgs-wayland",
        "type": "github"
      }
    },
    "nixpkgs_2": {
      "locked": {
        "lastModified": 1621840840,
        "narHash": "sha256-o6h6+d5ZwrFmOTe+ma9s1Z9kyHsCW1C84IA8RZ9/fIU=",
        "path": "/nix/store/jjsygkm01c9fg053m3l2ni1mny1iwmji-source",
        "rev": "ea7d4aa9b8225abd6147339f0d56675d6f1f0fd1",
        "type": "path"
      },
      "original": {
        "id": "nixpkgs",
        "type": "indirect"
      }
    },
    "nixpkgs_3": {
      "locked": {
        "lastModified": 1592810120,
        "narHash": "sha256-1xlD1OIs75DvjkWpyZcQBjdu/IgugspPpz8CsBeutaM=",
        "owner": "NixOS",
        "repo": "nixpkgs",
        "rev": "dbcd55844106241cf2d6aa0bc6ccb1613d1a5ed4",
        "type": "github"
      },
      "original": {
        "owner": "NixOS",
        "repo": "nixpkgs",
        "rev": "dbcd55844106241cf2d6aa0bc6ccb1613d1a5ed4",
        "type": "github"
      }
    },
    "nixpkgs_4": {
      "locked": {
        "lastModified": 1625442144,
        "narHash": "sha256-uv+nt5iaqZ5By/uxeCaNdaaFkwRqj+4JoAt0VTGPFMo=",
        "owner": "NixOS",
        "repo": "nixpkgs",
        "rev": "7229e6d646c90d2097099a825371601f1e8ad381",
        "type": "github"
      },
      "original": {
        "owner": "NixOS",
        "repo": "nixpkgs",
        "type": "github"
      }
    },
    "nixpkgs_5": {
      "locked": {
        "lastModified": 1623961232,
        "narHash": "sha256-5X5v37GTBFdQnc3rvbSPJyAtO+/z1wHZF3Kz61g2Mx4=",
        "owner": "nixos",
        "repo": "nixpkgs",
        "rev": "bad3ccd099ebe9a8aa017bda8500ab02787d90aa",
        "type": "github"
      },
      "original": {
        "owner": "nixos",
        "ref": "nixos-21.05",
        "repo": "nixpkgs",
        "type": "github"
      }
    },
    "nixpkgs_6": {
      "locked": {
        "lastModified": 1624024598,
        "narHash": "sha256-X++38oH5MKEmPW4/2WdMaHQvwJzO8pJfbnzMD7DbG1E=",
        "owner": "nixos",
        "repo": "nixpkgs",
        "rev": "33d42ad7cf2769ce6364ed4e52afa8e9d1439d58",
        "type": "github"
      },
      "original": {
        "owner": "nixos",
        "ref": "nixos-unstable",
        "repo": "nixpkgs",
        "type": "github"
      }
    },
    "nur": {
      "locked": {
        "lastModified": 1624229324,
        "narHash": "sha256-HhNi7uH7P+Ds2pg8XqLaj7SMeC54lB88rRE/Ih3GEok=",
        "owner": "nix-community",
        "repo": "NUR",
        "rev": "8fe8ae2e22d6afc1fdd83ea11c6e9a0e1cca51dc",
        "type": "github"
      },
      "original": {
        "id": "nur",
        "type": "indirect"
      }
    },
    "root": {
      "inputs": {
        "NUR": "NUR",
        "base16": "base16",
        "base16-atelier-schemes": "base16-atelier-schemes",
        "base16-black-metal-schemes": "base16-black-metal-schemes",
        "base16-eva-scheme": "base16-eva-scheme",
        "base16-qutebrowser": "base16-qutebrowser",
        "base16-summerfruit-scheme": "base16-summerfruit-scheme",
        "enhancd": "enhancd",
        "envfs": "envfs",
        "home-manager": "home-manager",
        "interception-k2k": "interception-k2k",
        "lambda-launcher": "lambda-launcher",
        "materia-theme": "materia-theme",
        "nix-autobahn": "nix-autobahn",
        "nixpkgs": "nixpkgs_5",
        "nixpkgs-unstable": "nixpkgs-unstable",
        "nixpkgs-wayland": "nixpkgs-wayland",
        "nur": "nur",
        "vsliveshare": "vsliveshare",
        "zsh-syntax-highlighting": "zsh-syntax-highlighting"
      }
    },
    "utils": {
      "locked": {
        "lastModified": 1610051610,
        "narHash": "sha256-U9rPz/usA1/Aohhk7Cmc2gBrEEKRzcW4nwPWMPwja4Y=",
        "owner": "numtide",
        "repo": "flake-utils",
        "rev": "3982c9903e93927c2164caa727cd3f6a0e6d14cc",
        "type": "github"
      },
      "original": {
        "owner": "numtide",
        "repo": "flake-utils",
        "type": "github"
      }
    },
    "vsliveshare": {
      "flake": false,
      "locked": {
        "lastModified": 1585828976,
        "narHash": "sha256-/c7CJ2TDwgsKEidwxgIOqyTx1YcPgYRqzS1AV6a4b2c=",
        "owner": "msteen",
        "repo": "nixos-vsliveshare",
        "rev": "a54bfc74c5e7ae056f61abdb970c6cd6e8fb5e53",
        "type": "github"
      },
      "original": {
        "owner": "msteen",
        "repo": "nixos-vsliveshare",
        "type": "github"
      }
    },
    "zsh-syntax-highlighting": {
      "flake": false,
      "locked": {
        "lastModified": 1622348698,
        "narHash": "sha256-YvYcA+stJ1R5CMAk2RLzvyz781yPgw8OgUOlSbGvzCY=",
        "owner": "zsh-users",
        "repo": "zsh-syntax-highlighting",
        "rev": "0e1bb14452e3fc66dcc81531212e1061e02c1a61",
        "type": "github"
      },
      "original": {
        "owner": "zsh-users",
        "repo": "zsh-syntax-highlighting",
        "type": "github"
      }
    }
  },
  "root": "root",
  "version": 7
}
